
Microsoft Visual Studio Solution File, Format Version 12.00
# Visual Studio Version 17
VisualStudioVersion = 17.6.33712.159
MinimumVisualStudioVersion = 10.0.40219.1
Project("{FAE04EC0-301F-11D3-BF4B-00C04F79EFBC}") = "launcher", "launcher.csproj", "{31B25895-B29C-414D-8AA0-727E4AE0E8E3}"
EndProject
Global
	GlobalSection(SolutionConfigurationPlatforms) = preSolution
		Debug|Any CPU = Debug|Any CPU
		Release|Any CPU = Release|Any CPU
	EndGlobalSection
	GlobalSection(ProjectConfigurationPlatforms) = postSolution
		{31B25895-B29C-414D-8AA0-727E4AE0E8E3}.Debug|Any CPU.ActiveCfg = Debug|Any CPU
		{31B25895-B29C-414D-8AA0-727E4AE0E8E3}.Debug|Any CPU.Build.0 = Debug|Any CPU
		{31B25895-B29C-414D-8AA0-727E4AE0E8E3}.Release|Any CPU.ActiveCfg = Release|Any CPU
		{31B25895-B29C-414D-8AA0-727E4AE0E8E3}.Release|Any CPU.Build.0 = Release|Any CPU
	EndGlobalSection
	GlobalSection(SolutionProperties) = preSolution
		HideSolutionNode = FALSE
	EndGlobalSection
	GlobalSection(ExtensibilityGlobals) = postSolution
		SolutionGuid = {B8C3446E-6CD7-430A-AE2F-BAD27DEE0578}
	EndGlobalSection
EndGlobal
