
Microsoft Visual Studio Solution File, Format Version 12.00
# Visual Studio Version 17
VisualStudioVersion = 17.6.33712.159
MinimumVisualStudioVersion = 10.0.40219.1
Project("{FAE04EC0-301F-11D3-BF4B-00C04F79EFBC}") = "logic", "logic.csproj", "{F60FBD87-F152-4CDD-A579-5014B8FA104A}"
EndProject
Global
	GlobalSection(SolutionConfigurationPlatforms) = preSolution
		Debug|Any CPU = Debug|Any CPU
		Release|Any CPU = Release|Any CPU
	EndGlobalSection
	GlobalSection(ProjectConfigurationPlatforms) = postSolution
		{F60FBD87-F152-4CDD-A579-5014B8FA104A}.Debug|Any CPU.ActiveCfg = Debug|Any CPU
		{F60FBD87-F152-4CDD-A579-5014B8FA104A}.Debug|Any CPU.Build.0 = Debug|Any CPU
		{F60FBD87-F152-4CDD-A579-5014B8FA104A}.Release|Any CPU.ActiveCfg = Release|Any CPU
		{F60FBD87-F152-4CDD-A579-5014B8FA104A}.Release|Any CPU.Build.0 = Release|Any CPU
	EndGlobalSection
	GlobalSection(SolutionProperties) = preSolution
		HideSolutionNode = FALSE
	EndGlobalSection
	GlobalSection(ExtensibilityGlobals) = postSolution
		SolutionGuid = {A357F19C-9A71-49AD-AF2F-61B177CD8BAC}
	EndGlobalSection
EndGlobal
