
Microsoft Visual Studio Solution File, Format Version 12.00
# Visual Studio Version 17
VisualStudioVersion = 17.7.34031.279
MinimumVisualStudioVersion = 10.0.40219.1
Project("{FAE04EC0-301F-11D3-BF4B-00C04F79EFBC}") = "installer", "installer.csproj", "{38001C60-D9FF-4D70-A5D9-996443B77074}"
EndProject
Global
	GlobalSection(SolutionConfigurationPlatforms) = preSolution
		Debug|Any CPU = Debug|Any CPU
		Release|Any CPU = Release|Any CPU
	EndGlobalSection
	GlobalSection(ProjectConfigurationPlatforms) = postSolution
		{38001C60-D9FF-4D70-A5D9-996443B77074}.Debug|Any CPU.ActiveCfg = Debug|Any CPU
		{38001C60-D9FF-4D70-A5D9-996443B77074}.Debug|Any CPU.Build.0 = Debug|Any CPU
		{38001C60-D9FF-4D70-A5D9-996443B77074}.Debug|Any CPU.Deploy.0 = Debug|Any CPU
		{38001C60-D9FF-4D70-A5D9-996443B77074}.Release|Any CPU.ActiveCfg = Release|Any CPU
		{38001C60-D9FF-4D70-A5D9-996443B77074}.Release|Any CPU.Build.0 = Release|Any CPU
		{38001C60-D9FF-4D70-A5D9-996443B77074}.Release|Any CPU.Deploy.0 = Release|Any CPU
	EndGlobalSection
	GlobalSection(SolutionProperties) = preSolution
		HideSolutionNode = FALSE
	EndGlobalSection
	GlobalSection(ExtensibilityGlobals) = postSolution
		SolutionGuid = {146F4290-B859-45E9-8F73-F120A8034EE3}
	EndGlobalSection
EndGlobal
